
Microsoft Visual Studio Solution File, Format Version 12.00
# Visual Studio 15
VisualStudioVersion = 15.0.28307.489
MinimumVisualStudioVersion = 10.0.40219.1
Project("{FAE04EC0-301F-11D3-BF4B-00C04F79EFBC}") = "WebApplication1", "WebApplication1\WebApplication1.csproj", "{960EACD4-D7EE-41D9-B57F-A97CFA09141B}"
EndProject
Project("{FAE04EC0-301F-11D3-BF4B-00C04F79EFBC}") = "Lombard.Application", "Lombard.Application\Lombard.Application.csproj", "{6AF8D6F4-1D14-4F4C-A72D-DD1F87CFEEF0}"
EndProject
Global
	GlobalSection(SolutionConfigurationPlatforms) = preSolution
		Debug|Any CPU = Debug|Any CPU
		Release|Any CPU = Release|Any CPU
	EndGlobalSection
	GlobalSection(ProjectConfigurationPlatforms) = postSolution
		{960EACD4-D7EE-41D9-B57F-A97CFA09141B}.Debug|Any CPU.ActiveCfg = Debug|Any CPU
		{960EACD4-D7EE-41D9-B57F-A97CFA09141B}.Debug|Any CPU.Build.0 = Debug|Any CPU
		{960EACD4-D7EE-41D9-B57F-A97CFA09141B}.Release|Any CPU.ActiveCfg = Release|Any CPU
		{960EACD4-D7EE-41D9-B57F-A97CFA09141B}.Release|Any CPU.Build.0 = Release|Any CPU
		{6AF8D6F4-1D14-4F4C-A72D-DD1F87CFEEF0}.Debug|Any CPU.ActiveCfg = Debug|Any CPU
		{6AF8D6F4-1D14-4F4C-A72D-DD1F87CFEEF0}.Debug|Any CPU.Build.0 = Debug|Any CPU
		{6AF8D6F4-1D14-4F4C-A72D-DD1F87CFEEF0}.Release|Any CPU.ActiveCfg = Release|Any CPU
		{6AF8D6F4-1D14-4F4C-A72D-DD1F87CFEEF0}.Release|Any CPU.Build.0 = Release|Any CPU
	EndGlobalSection
	GlobalSection(SolutionProperties) = preSolution
		HideSolutionNode = FALSE
	EndGlobalSection
	GlobalSection(ExtensibilityGlobals) = postSolution
		SolutionGuid = {F4C4E6E1-CDB1-4821-AEE7-595912140001}
	EndGlobalSection
EndGlobal
